// !$*UTF8*$!
{
	archiveVersion = 1;
	classes = {
	};
	objectVersion = 46;
	objects = {

/* Begin PBXBuildFile section */
		F855A4671BBC770900590558 /* openssl.h in Headers */ = {isa = PBXBuildFile; fileRef = F855A4661BBC770900590558 /* openssl.h */; settings = {ATTRIBUTES = (Public, ); }; };
		F855A4731BBC7DCB00590558 /* libopenssl.a in Frameworks */ = {isa = PBXBuildFile; fileRef = F855A4721BBC7DCB00590558 /* libopenssl.a */; settings = {ASSET_TAGS = (); }; };
/* End PBXBuildFile section */

/* Begin PBXFileReference section */
		F855A4631BBC770900590558 /* openssl.framework */ = {isa = PBXFileReference; explicitFileType = wrapper.framework; includeInIndex = 0; path = openssl.framework; sourceTree = BUILT_PRODUCTS_DIR; };
		F855A4661BBC770900590558 /* openssl.h */ = {isa = PBXFileReference; lastKnownFileType = sourcecode.c.h; path = openssl.h; sourceTree = "<group>"; };
		F855A4681BBC770900590558 /* Info.plist */ = {isa = PBXFileReference; lastKnownFileType = text.plist.xml; path = Info.plist; sourceTree = "<group>"; };
		F855A46F1BBC778E00590558 /* build-libssl.sh */ = {isa = PBXFileReference; lastKnownFileType = text.script.sh; name = "build-libssl.sh"; path = "../../build-libssl.sh"; sourceTree = "<group>"; };
		F855A4701BBC778E00590558 /* create-openssl-framework.sh */ = {isa = PBXFileReference; lastKnownFileType = text.script.sh; name = "create-openssl-framework.sh"; path = "../../create-openssl-framework.sh"; sourceTree = "<group>"; };
		F855A4721BBC7DCB00590558 /* libopenssl.a */ = {isa = PBXFileReference; lastKnownFileType = archive.ar; path = libopenssl.a; sourceTree = "<group>"; };
/* End PBXFileReference section */

/* Begin PBXFrameworksBuildPhase section */
		F855A45F1BBC770900590558 /* Frameworks */ = {
			isa = PBXFrameworksBuildPhase;
			buildActionMask = 2147483647;
			files = (
				F855A4731BBC7DCB00590558 /* libopenssl.a in Frameworks */,
			);
			runOnlyForDeploymentPostprocessing = 0;
		};
/* End PBXFrameworksBuildPhase section */

/* Begin PBXGroup section */
		F855A4591BBC770900590558 = {
			isa = PBXGroup;
			children = (
				F855A46F1BBC778E00590558 /* build-libssl.sh */,
				F855A4701BBC778E00590558 /* create-openssl-framework.sh */,
				F855A4651BBC770900590558 /* openssl */,
				F855A4721BBC7DCB00590558 /* libopenssl.a */,
				F855A4641BBC770900590558 /* Products */,
			);
			sourceTree = "<group>";
		};
		F855A4641BBC770900590558 /* Products */ = {
			isa = PBXGroup;
			children = (
				F855A4631BBC770900590558 /* openssl.framework */,
			);
			name = Products;
			sourceTree = "<group>";
		};
		F855A4651BBC770900590558 /* openssl */ = {
			isa = PBXGroup;
			children = (
				F855A4661BBC770900590558 /* openssl.h */,
				F855A4681BBC770900590558 /* Info.plist */,
			);
			path = openssl;
			sourceTree = "<group>";
		};
/* End PBXGroup section */

/* Begin PBXHeadersBuildPhase section */
		F855A4601BBC770900590558 /* Headers */ = {
			isa = PBXHeadersBuildPhase;
			buildActionMask = 2147483647;
			files = (
				F855A4671BBC770900590558 /* openssl.h in Headers */,
			);
			runOnlyForDeploymentPostprocessing = 0;
		};
/* End PBXHeadersBuildPhase section */

/* Begin PBXNativeTarget section */
		F855A4621BBC770900590558 /* openssl */ = {
			isa = PBXNativeTarget;
			buildConfigurationList = F855A46B1BBC770900590558 /* Build configuration list for PBXNativeTarget "openssl" */;
			buildPhases = (
				F855A46E1BBC773F00590558 /* Run Script: Compile OpenSSL */,
				F855A4711BBC77E400590558 /* Run Script: Create static library */,
				F855A45E1BBC770900590558 /* Sources */,
				F855A45F1BBC770900590558 /* Frameworks */,
				F855A4601BBC770900590558 /* Headers */,
				F855A4611BBC770900590558 /* Resources */,
			);
			buildRules = (
			);
			dependencies = (
			);
			name = openssl;
			productName = openssl;
			productReference = F855A4631BBC770900590558 /* openssl.framework */;
			productType = "com.apple.product-type.framework";
		};
/* End PBXNativeTarget section */

/* Begin PBXProject section */
		F855A45A1BBC770900590558 /* Project object */ = {
			isa = PBXProject;
			attributes = {
				LastUpgradeCheck = 0700;
				ORGANIZATIONNAME = "Stefan van den Oord";
				TargetAttributes = {
					F855A4621BBC770900590558 = {
						CreatedOnToolsVersion = 7.0.1;
					};
				};
			};
			buildConfigurationList = F855A45D1BBC770900590558 /* Build configuration list for PBXProject "openssl" */;
			compatibilityVersion = "Xcode 3.2";
			developmentRegion = English;
			hasScannedForEncodings = 0;
			knownRegions = (
				en,
			);
			mainGroup = F855A4591BBC770900590558;
			productRefGroup = F855A4641BBC770900590558 /* Products */;
			projectDirPath = "";
			projectRoot = "";
			targets = (
				F855A4621BBC770900590558 /* openssl */,
			);
		};
/* End PBXProject section */

/* Begin PBXResourcesBuildPhase section */
		F855A4611BBC770900590558 /* Resources */ = {
			isa = PBXResourcesBuildPhase;
			buildActionMask = 2147483647;
			files = (
			);
			runOnlyForDeploymentPostprocessing = 0;
		};
/* End PBXResourcesBuildPhase section */

/* Begin PBXShellScriptBuildPhase section */
		F855A46E1BBC773F00590558 /* Run Script: Compile OpenSSL */ = {
			isa = PBXShellScriptBuildPhase;
			buildActionMask = 2147483647;
			files = (
			);
			inputPaths = (
			);
			name = "Run Script: Compile OpenSSL";
			outputPaths = (
			);
			runOnlyForDeploymentPostprocessing = 0;
			shellPath = /bin/sh;
			shellScript = "[ -f lib/libcrypto.a -a lib/libssl.a ] && exit 0\n\n env -i -- ${SOURCE_ROOT}/../../build-libssl.sh";
		};
		F855A4711BBC77E400590558 /* Run Script: Create static library */ = {
			isa = PBXShellScriptBuildPhase;
			buildActionMask = 2147483647;
			files = (
			);
			inputPaths = (
			);
			name = "Run Script: Create static library";
			outputPaths = (
			);
			runOnlyForDeploymentPostprocessing = 0;
			shellPath = /bin/sh;
			shellScript = "env -i -- ${SOURCE_ROOT}/../../create-openssl-framework.sh || exit 1\ncp openssl.framework/openssl libopenssl.a";
		};
/* End PBXShellScriptBuildPhase section */

/* Begin PBXSourcesBuildPhase section */
		F855A45E1BBC770900590558 /* Sources */ = {
			isa = PBXSourcesBuildPhase;
			buildActionMask = 2147483647;
			files = (
			);
			runOnlyForDeploymentPostprocessing = 0;
		};
/* End PBXSourcesBuildPhase section */

/* Begin XCBuildConfiguration section */
		F855A4691BBC770900590558 /* Debug */ = {
			isa = XCBuildConfiguration;
			buildSettings = {
				ALWAYS_SEARCH_USER_PATHS = NO;
				CLANG_CXX_LANGUAGE_STANDARD = "gnu++0x";
				CLANG_CXX_LIBRARY = "libc++";
				CLANG_ENABLE_MODULES = YES;
				CLANG_ENABLE_OBJC_ARC = YES;
				CLANG_WARN_BOOL_CONVERSION = YES;
				CLANG_WARN_CONSTANT_CONVERSION = YES;
				CLANG_WARN_DIRECT_OBJC_ISA_USAGE = YES_ERROR;
				CLANG_WARN_EMPTY_BODY = YES;
				CLANG_WARN_ENUM_CONVERSION = YES;
				CLANG_WARN_INT_CONVERSION = YES;
				CLANG_WARN_OBJC_ROOT_CLASS = YES_ERROR;
				CLANG_WARN_UNREACHABLE_CODE = YES;
				CLANG_WARN__DUPLICATE_METHOD_MATCH = YES;
				"CODE_SIGN_IDENTITY[sdk=iphoneos*]" = "iPhone Developer";
				COPY_PHASE_STRIP = NO;
				CURRENT_PROJECT_VERSION = 1;
				DEBUG_INFORMATION_FORMAT = dwarf;
				ENABLE_STRICT_OBJC_MSGSEND = YES;
				ENABLE_TESTABILITY = YES;
				GCC_C_LANGUAGE_STANDARD = gnu99;
				GCC_DYNAMIC_NO_PIC = NO;
				GCC_NO_COMMON_BLOCKS = YES;
				GCC_OPTIMIZATION_LEVEL = 0;
				GCC_PREPROCESSOR_DEFINITIONS = (
					"DEBUG=1",
					"$(inherited)",
				);
				GCC_WARN_64_TO_32_BIT_CONVERSION = YES;
				GCC_WARN_ABOUT_RETURN_TYPE = YES_ERROR;
				GCC_WARN_UNDECLARED_SELECTOR = YES;
				GCC_WARN_UNINITIALIZED_AUTOS = YES_AGGRESSIVE;
				GCC_WARN_UNUSED_FUNCTION = YES;
				GCC_WARN_UNUSED_VARIABLE = YES;
				IPHONEOS_DEPLOYMENT_TARGET = 9.0;
				MTL_ENABLE_DEBUG_INFO = YES;
				ONLY_ACTIVE_ARCH = YES;
				SDKROOT = iphoneos;
				SWIFT_OPTIMIZATION_LEVEL = "-Onone";
				TARGETED_DEVICE_FAMILY = "1,2";
				VERSIONING_SYSTEM = "apple-generic";
				VERSION_INFO_PREFIX = "";
			};
			name = Debug;
		};
		F855A46A1BBC770900590558 /* Release */ = {
			isa = XCBuildConfiguration;
			buildSettings = {
				ALWAYS_SEARCH_USER_PATHS = NO;
				CLANG_CXX_LANGUAGE_STANDARD = "gnu++0x";
				CLANG_CXX_LIBRARY = "libc++";
				CLANG_ENABLE_MODULES = YES;
				CLANG_ENABLE_OBJC_ARC = YES;
				CLANG_WARN_BOOL_CONVERSION = YES;
				CLANG_WARN_CONSTANT_CONVERSION = YES;
				CLANG_WARN_DIRECT_OBJC_ISA_USAGE = YES_ERROR;
				CLANG_WARN_EMPTY_BODY = YES;
				CLANG_WARN_ENUM_CONVERSION = YES;
				CLANG_WARN_INT_CONVERSION = YES;
				CLANG_WARN_OBJC_ROOT_CLASS = YES_ERROR;
				CLANG_WARN_UNREACHABLE_CODE = YES;
				CLANG_WARN__DUPLICATE_METHOD_MATCH = YES;
				"CODE_SIGN_IDENTITY[sdk=iphoneos*]" = "iPhone Developer";
				COPY_PHASE_STRIP = NO;
				CURRENT_PROJECT_VERSION = 1;
				DEBUG_INFORMATION_FORMAT = "dwarf-with-dsym";
				ENABLE_NS_ASSERTIONS = NO;
				ENABLE_STRICT_OBJC_MSGSEND = YES;
				GCC_C_LANGUAGE_STANDARD = gnu99;
				GCC_NO_COMMON_BLOCKS = YES;
				GCC_WARN_64_TO_32_BIT_CONVERSION = YES;
				GCC_WARN_ABOUT_RETURN_TYPE = YES_ERROR;
				GCC_WARN_UNDECLARED_SELECTOR = YES;
				GCC_WARN_UNINITIALIZED_AUTOS = YES_AGGRESSIVE;
				GCC_WARN_UNUSED_FUNCTION = YES;
				GCC_WARN_UNUSED_VARIABLE = YES;
				IPHONEOS_DEPLOYMENT_TARGET = 9.0;
				MTL_ENABLE_DEBUG_INFO = NO;
				SDKROOT = iphoneos;
				TARGETED_DEVICE_FAMILY = "1,2";
				VALIDATE_PRODUCT = YES;
				VERSIONING_SYSTEM = "apple-generic";
				VERSION_INFO_PREFIX = "";
			};
			name = Release;
		};
		F855A46C1BBC770900590558 /* Debug */ = {
			isa = XCBuildConfiguration;
			buildSettings = {
				DEFINES_MODULE = YES;
				DYLIB_COMPATIBILITY_VERSION = 1;
				DYLIB_CURRENT_VERSION = 1;
				DYLIB_INSTALL_NAME_BASE = "@rpath";
				INFOPLIST_FILE = openssl/Info.plist;
				INSTALL_PATH = "$(LOCAL_LIBRARY_DIR)/Frameworks";
				LD_RUNPATH_SEARCH_PATHS = "$(inherited) @executable_path/Frameworks @loader_path/Frameworks";
				LIBRARY_SEARCH_PATHS = (
					"$(inherited)",
					"$(PROJECT_DIR)",
				);
				OTHER_LDFLAGS = "-all_load";
				PRODUCT_BUNDLE_IDENTIFIER = com.vandenoord.openssl;
				PRODUCT_NAME = "$(TARGET_NAME)";
				SKIP_INSTALL = YES;
			};
			name = Debug;
		};
		F855A46D1BBC770900590558 /* Release */ = {
			isa = XCBuildConfiguration;
			buildSettings = {
				DEFINES_MODULE = YES;
				DYLIB_COMPATIBILITY_VERSION = 1;
				DYLIB_CURRENT_VERSION = 1;
				DYLIB_INSTALL_NAME_BASE = "@rpath";
				INFOPLIST_FILE = openssl/Info.plist;
				INSTALL_PATH = "$(LOCAL_LIBRARY_DIR)/Frameworks";
				LD_RUNPATH_SEARCH_PATHS = "$(inherited) @executable_path/Frameworks @loader_path/Frameworks";
				LIBRARY_SEARCH_PATHS = (
					"$(inherited)",
					"$(PROJECT_DIR)",
				);
				OTHER_LDFLAGS = "-all_load";
				PRODUCT_BUNDLE_IDENTIFIER = com.vandenoord.openssl;
				PRODUCT_NAME = "$(TARGET_NAME)";
				SKIP_INSTALL = YES;
			};
			name = Release;
		};
/* End XCBuildConfiguration section */

/* Begin XCConfigurationList section */
		F855A45D1BBC770900590558 /* Build configuration list for PBXProject "openssl" */ = {
			isa = XCConfigurationList;
			buildConfigurations = (
				F855A4691BBC770900590558 /* Debug */,
				F855A46A1BBC770900590558 /* Release */,
			);
			defaultConfigurationIsVisible = 0;
			defaultConfigurationName = Release;
		};
		F855A46B1BBC770900590558 /* Build configuration list for PBXNativeTarget "openssl" */ = {
			isa = XCConfigurationList;
			buildConfigurations = (
				F855A46C1BBC770900590558 /* Debug */,
				F855A46D1BBC770900590558 /* Release */,
			);
			defaultConfigurationIsVisible = 0;
		};
/* End XCConfigurationList section */
	};
	rootObject = F855A45A1BBC770900590558 /* Project object */;
}
